
Microsoft Visual Studio Solution File, Format Version 12.00
# Visual Studio Version 17
VisualStudioVersion = 17.13.35825.156 d17.13
MinimumVisualStudioVersion = 10.0.40219.1
Project("{FAE04EC0-301F-11D3-BF4B-00C04F79EFBC}") = "Universal-THCRAP-Launcher", "Universal-THCRAP-Launcher.csproj", "{D754F6DF-B6F7-4CD8-BF68-D8C98F0A9672}"
EndProject
Global
	GlobalSection(SolutionConfigurationPlatforms) = preSolution
		Debug|Any CPU = Debug|Any CPU
		Release|Any CPU = Release|Any CPU
	EndGlobalSection
	GlobalSection(ProjectConfigurationPlatforms) = postSolution
		{D754F6DF-B6F7-4CD8-BF68-D8C98F0A9672}.Debug|Any CPU.ActiveCfg = Debug|Any CPU
		{D754F6DF-B6F7-4CD8-BF68-D8C98F0A9672}.Debug|Any CPU.Build.0 = Debug|Any CPU
		{D754F6DF-B6F7-4CD8-BF68-D8C98F0A9672}.Release|Any CPU.ActiveCfg = Release|Any CPU
		{D754F6DF-B6F7-4CD8-BF68-D8C98F0A9672}.Release|Any CPU.Build.0 = Release|Any CPU
	EndGlobalSection
	GlobalSection(SolutionProperties) = preSolution
		HideSolutionNode = FALSE
	EndGlobalSection
	GlobalSection(ExtensibilityGlobals) = postSolution
		SolutionGuid = {FD8888EB-AFD3-4B19-B14C-6958D59169F5}
	EndGlobalSection
EndGlobal
